
Microsoft Visual Studio Solution File, Format Version 12.00
# Visual Studio 14
VisualStudioVersion = 14.0.25420.1
MinimumVisualStudioVersion = 10.0.40219.1
Project("{FAE04EC0-301F-11D3-BF4B-00C04F79EFBC}") = "Client", "Client\Client.csproj", "{BD5D2E0E-3843-4036-82EF-2D6DE893F0B9}"
EndProject
Project("{FAE04EC0-301F-11D3-BF4B-00C04F79EFBC}") = "Server", "Server\Server.csproj", "{0038CA88-8CB0-47B4-A3A8-72EFDEE7F2B9}"
EndProject
Project("{FAE04EC0-301F-11D3-BF4B-00C04F79EFBC}") = "ServerData", "ServerData\ServerData.csproj", "{C5FC1D38-F941-4E32-B24E-FAFF49733EE6}"
EndProject
Global
	GlobalSection(SolutionConfigurationPlatforms) = preSolution
		Debug|Any CPU = Debug|Any CPU
		Release|Any CPU = Release|Any CPU
	EndGlobalSection
	GlobalSection(ProjectConfigurationPlatforms) = postSolution
		{BD5D2E0E-3843-4036-82EF-2D6DE893F0B9}.Debug|Any CPU.ActiveCfg = Debug|Any CPU
		{BD5D2E0E-3843-4036-82EF-2D6DE893F0B9}.Debug|Any CPU.Build.0 = Debug|Any CPU
		{BD5D2E0E-3843-4036-82EF-2D6DE893F0B9}.Release|Any CPU.ActiveCfg = Release|Any CPU
		{BD5D2E0E-3843-4036-82EF-2D6DE893F0B9}.Release|Any CPU.Build.0 = Release|Any CPU
		{0038CA88-8CB0-47B4-A3A8-72EFDEE7F2B9}.Debug|Any CPU.ActiveCfg = Debug|Any CPU
		{0038CA88-8CB0-47B4-A3A8-72EFDEE7F2B9}.Debug|Any CPU.Build.0 = Debug|Any CPU
		{0038CA88-8CB0-47B4-A3A8-72EFDEE7F2B9}.Release|Any CPU.ActiveCfg = Release|Any CPU
		{0038CA88-8CB0-47B4-A3A8-72EFDEE7F2B9}.Release|Any CPU.Build.0 = Release|Any CPU
		{C5FC1D38-F941-4E32-B24E-FAFF49733EE6}.Debug|Any CPU.ActiveCfg = Debug|Any CPU
		{C5FC1D38-F941-4E32-B24E-FAFF49733EE6}.Debug|Any CPU.Build.0 = Debug|Any CPU
		{C5FC1D38-F941-4E32-B24E-FAFF49733EE6}.Release|Any CPU.ActiveCfg = Release|Any CPU
		{C5FC1D38-F941-4E32-B24E-FAFF49733EE6}.Release|Any CPU.Build.0 = Release|Any CPU
	EndGlobalSection
	GlobalSection(SolutionProperties) = preSolution
		HideSolutionNode = FALSE
	EndGlobalSection
EndGlobal
